
Microsoft Visual Studio Solution File, Format Version 12.00
# Visual Studio Version 17
VisualStudioVersion = 17.11.35118.90
MinimumVisualStudioVersion = 10.0.40219.1
Project("{FAE04EC0-301F-11D3-BF4B-00C04F79EFBC}") = "FileProcessingApp", "FileProcessingApp\FileProcessingApp.csproj", "{BA83DE20-B387-4E6C-9AEC-D9D8323B8B11}"
EndProject
Project("{FAE04EC0-301F-11D3-BF4B-00C04F79EFBC}") = "FileProcessingBenchmark", "FileProcessingBenchmark\FileProcessingBenchmark.csproj", "{23D09F02-188A-4EF6-B21B-476A1E16892E}"
EndProject
Global
	GlobalSection(SolutionConfigurationPlatforms) = preSolution
		Debug|Any CPU = Debug|Any CPU
		Release|Any CPU = Release|Any CPU
	EndGlobalSection
	GlobalSection(ProjectConfigurationPlatforms) = postSolution
		{BA83DE20-B387-4E6C-9AEC-D9D8323B8B11}.Debug|Any CPU.ActiveCfg = Debug|Any CPU
		{BA83DE20-B387-4E6C-9AEC-D9D8323B8B11}.Debug|Any CPU.Build.0 = Debug|Any CPU
		{BA83DE20-B387-4E6C-9AEC-D9D8323B8B11}.Release|Any CPU.ActiveCfg = Release|Any CPU
		{BA83DE20-B387-4E6C-9AEC-D9D8323B8B11}.Release|Any CPU.Build.0 = Release|Any CPU
		{23D09F02-188A-4EF6-B21B-476A1E16892E}.Debug|Any CPU.ActiveCfg = Debug|Any CPU
		{23D09F02-188A-4EF6-B21B-476A1E16892E}.Debug|Any CPU.Build.0 = Debug|Any CPU
		{23D09F02-188A-4EF6-B21B-476A1E16892E}.Release|Any CPU.ActiveCfg = Release|Any CPU
		{23D09F02-188A-4EF6-B21B-476A1E16892E}.Release|Any CPU.Build.0 = Release|Any CPU
	EndGlobalSection
	GlobalSection(SolutionProperties) = preSolution
		HideSolutionNode = FALSE
	EndGlobalSection
	GlobalSection(ExtensibilityGlobals) = postSolution
		SolutionGuid = {04E9911C-2E14-47E8-AFE4-8EC46336CD48}
	EndGlobalSection
EndGlobal
